{
  "name": "node-redis-streams",
  "version": "1.1.4",
  "lockfileVersion": 3,
  "requires": true,
  "packages": {
    "": {
      "name": "node-redis-streams",
      "version": "1.1.4",
      "license": "ISC",
      "devDependencies": {
        "@types/ioredis": "^4.26.4",
        "typescript": "^4.2.4"
      }
    },
    "node_modules/@types/ioredis": {
      "version": "4.26.4",
      "resolved": "https://registry.npmjs.org/@types/ioredis/-/ioredis-4.26.4.tgz",
      "integrity": "sha512-QFbjNq7EnOGw6d1gZZt2h26OFXjx7z+eqEnbCHSrDI1OOLEgOHMKdtIajJbuCr9uO+X9kQQRe7Lz6uxqxl5XKg==",
      "dev": true,
      "dependencies": {
        "@types/node": "*"
      }
    },
    "node_modules/@types/node": {
      "version": "15.6.0",
      "resolved": "https://registry.npmjs.org/@types/node/-/node-15.6.0.tgz",
      "integrity": "sha512-gCYSfQpy+LYhOFTKAeE8BkyGqaxmlFxe+n4DKM6DR0wzw/HISUE/hAmkC/KT8Sw5PCJblqg062b3z9gucv3k0A==",
      "dev": true
    },
    "node_modules/typescript": {
      "version": "4.2.4",
      "resolved": "https://registry.npmjs.org/typescript/-/typescript-4.2.4.tgz",
      "integrity": "sha512-V+evlYHZnQkaz8TRBuxTA92yZBPotr5H+WhQ7bD3hZUndx5tGOa1fuCgeSjxAzM1RiN5IzvadIXTVefuuwZCRg==",
      "dev": true,
      "bin": {
        "tsc": "bin/tsc",
        "tsserver": "bin/tsserver"
      },
      "engines": {
        "node": ">=4.2.0"
      }
    }
  }
}
